
Microsoft Visual Studio Solution File, Format Version 12.00
# Visual Studio Version 17
VisualStudioVersion = 17.1.32407.343
MinimumVisualStudioVersion = 10.0.40219.1
Project("{8BC9CEB8-8B4A-11D0-8D11-00A0C91BC942}") = "Texturetest", "Texturetest\Texturetest.vcxproj", "{BF260729-7099-4083-AFC7-9EB0D1717A4A}"
EndProject
Project("{8BC9CEB8-8B4A-11D0-8D11-00A0C91BC942}") = "glfw", "glfw\build\src\glfw.vcxproj", "{C34B54CF-873D-3933-A066-C02FA7D0BB01}"
EndProject
Project("{8BC9CEB8-8B4A-11D0-8D11-00A0C91BC942}") = "glad", "glad\glad.vcxproj", "{A6BEECDA-0DF0-4B86-BAC1-31B3E8F5454D}"
EndProject
Project("{8BC9CEB8-8B4A-11D0-8D11-00A0C91BC942}") = "stbi", "stbi\stbi.vcxproj", "{D6AC8BF5-EE4F-4ACB-B9F3-237536E93B2B}"
EndProject
Global
	GlobalSection(SolutionConfigurationPlatforms) = preSolution
		Debug|x64 = Debug|x64
		Debug|x86 = Debug|x86
		MinSizeRel|x64 = MinSizeRel|x64
		MinSizeRel|x86 = MinSizeRel|x86
		Release|x64 = Release|x64
		Release|x86 = Release|x86
		RelWithDebInfo|x64 = RelWithDebInfo|x64
		RelWithDebInfo|x86 = RelWithDebInfo|x86
	EndGlobalSection
	GlobalSection(ProjectConfigurationPlatforms) = postSolution
		{BF260729-7099-4083-AFC7-9EB0D1717A4A}.Debug|x64.ActiveCfg = Debug|x64
		{BF260729-7099-4083-AFC7-9EB0D1717A4A}.Debug|x64.Build.0 = Debug|x64
		{BF260729-7099-4083-AFC7-9EB0D1717A4A}.Debug|x86.ActiveCfg = Debug|x64
		{BF260729-7099-4083-AFC7-9EB0D1717A4A}.Debug|x86.Build.0 = Debug|x64
		{BF260729-7099-4083-AFC7-9EB0D1717A4A}.MinSizeRel|x64.ActiveCfg = Debug|x64
		{BF260729-7099-4083-AFC7-9EB0D1717A4A}.MinSizeRel|x64.Build.0 = Debug|x64
		{BF260729-7099-4083-AFC7-9EB0D1717A4A}.MinSizeRel|x86.ActiveCfg = Debug|x64
		{BF260729-7099-4083-AFC7-9EB0D1717A4A}.MinSizeRel|x86.Build.0 = Debug|x64
		{BF260729-7099-4083-AFC7-9EB0D1717A4A}.Release|x64.ActiveCfg = Release|x64
		{BF260729-7099-4083-AFC7-9EB0D1717A4A}.Release|x64.Build.0 = Release|x64
		{BF260729-7099-4083-AFC7-9EB0D1717A4A}.Release|x86.ActiveCfg = Release|x64
		{BF260729-7099-4083-AFC7-9EB0D1717A4A}.Release|x86.Build.0 = Release|x64
		{BF260729-7099-4083-AFC7-9EB0D1717A4A}.RelWithDebInfo|x64.ActiveCfg = Release|x64
		{BF260729-7099-4083-AFC7-9EB0D1717A4A}.RelWithDebInfo|x64.Build.0 = Release|x64
		{BF260729-7099-4083-AFC7-9EB0D1717A4A}.RelWithDebInfo|x86.ActiveCfg = Release|x64
		{BF260729-7099-4083-AFC7-9EB0D1717A4A}.RelWithDebInfo|x86.Build.0 = Release|x64
		{C34B54CF-873D-3933-A066-C02FA7D0BB01}.Debug|x64.ActiveCfg = Debug|x64
		{C34B54CF-873D-3933-A066-C02FA7D0BB01}.Debug|x64.Build.0 = Debug|x64
		{C34B54CF-873D-3933-A066-C02FA7D0BB01}.Debug|x86.ActiveCfg = Debug|x64
		{C34B54CF-873D-3933-A066-C02FA7D0BB01}.Debug|x86.Build.0 = Debug|x64
		{C34B54CF-873D-3933-A066-C02FA7D0BB01}.MinSizeRel|x64.ActiveCfg = MinSizeRel|x64
		{C34B54CF-873D-3933-A066-C02FA7D0BB01}.MinSizeRel|x64.Build.0 = MinSizeRel|x64
		{C34B54CF-873D-3933-A066-C02FA7D0BB01}.MinSizeRel|x86.ActiveCfg = MinSizeRel|x64
		{C34B54CF-873D-3933-A066-C02FA7D0BB01}.MinSizeRel|x86.Build.0 = MinSizeRel|x64
		{C34B54CF-873D-3933-A066-C02FA7D0BB01}.Release|x64.ActiveCfg = Release|x64
		{C34B54CF-873D-3933-A066-C02FA7D0BB01}.Release|x64.Build.0 = Release|x64
		{C34B54CF-873D-3933-A066-C02FA7D0BB01}.Release|x86.ActiveCfg = Release|x64
		{C34B54CF-873D-3933-A066-C02FA7D0BB01}.Release|x86.Build.0 = Release|x64
		{C34B54CF-873D-3933-A066-C02FA7D0BB01}.RelWithDebInfo|x64.ActiveCfg = RelWithDebInfo|x64
		{C34B54CF-873D-3933-A066-C02FA7D0BB01}.RelWithDebInfo|x64.Build.0 = RelWithDebInfo|x64
		{C34B54CF-873D-3933-A066-C02FA7D0BB01}.RelWithDebInfo|x86.ActiveCfg = RelWithDebInfo|x64
		{C34B54CF-873D-3933-A066-C02FA7D0BB01}.RelWithDebInfo|x86.Build.0 = RelWithDebInfo|x64
		{A6BEECDA-0DF0-4B86-BAC1-31B3E8F5454D}.Debug|x64.ActiveCfg = Debug|x64
		{A6BEECDA-0DF0-4B86-BAC1-31B3E8F5454D}.Debug|x64.Build.0 = Debug|x64
		{A6BEECDA-0DF0-4B86-BAC1-31B3E8F5454D}.Debug|x86.ActiveCfg = Debug|x64
		{A6BEECDA-0DF0-4B86-BAC1-31B3E8F5454D}.Debug|x86.Build.0 = Debug|x64
		{A6BEECDA-0DF0-4B86-BAC1-31B3E8F5454D}.MinSizeRel|x64.ActiveCfg = Debug|x64
		{A6BEECDA-0DF0-4B86-BAC1-31B3E8F5454D}.MinSizeRel|x64.Build.0 = Debug|x64
		{A6BEECDA-0DF0-4B86-BAC1-31B3E8F5454D}.MinSizeRel|x86.ActiveCfg = Debug|x64
		{A6BEECDA-0DF0-4B86-BAC1-31B3E8F5454D}.MinSizeRel|x86.Build.0 = Debug|x64
		{A6BEECDA-0DF0-4B86-BAC1-31B3E8F5454D}.Release|x64.ActiveCfg = Release|x64
		{A6BEECDA-0DF0-4B86-BAC1-31B3E8F5454D}.Release|x64.Build.0 = Release|x64
		{A6BEECDA-0DF0-4B86-BAC1-31B3E8F5454D}.Release|x86.ActiveCfg = Release|x64
		{A6BEECDA-0DF0-4B86-BAC1-31B3E8F5454D}.Release|x86.Build.0 = Release|x64
		{A6BEECDA-0DF0-4B86-BAC1-31B3E8F5454D}.RelWithDebInfo|x64.ActiveCfg = Release|x64
		{A6BEECDA-0DF0-4B86-BAC1-31B3E8F5454D}.RelWithDebInfo|x64.Build.0 = Release|x64
		{A6BEECDA-0DF0-4B86-BAC1-31B3E8F5454D}.RelWithDebInfo|x86.ActiveCfg = Release|x64
		{A6BEECDA-0DF0-4B86-BAC1-31B3E8F5454D}.RelWithDebInfo|x86.Build.0 = Release|x64
		{D6AC8BF5-EE4F-4ACB-B9F3-237536E93B2B}.Debug|x64.ActiveCfg = Debug|x64
		{D6AC8BF5-EE4F-4ACB-B9F3-237536E93B2B}.Debug|x64.Build.0 = Debug|x64
		{D6AC8BF5-EE4F-4ACB-B9F3-237536E93B2B}.Debug|x86.ActiveCfg = Debug|x64
		{D6AC8BF5-EE4F-4ACB-B9F3-237536E93B2B}.Debug|x86.Build.0 = Debug|x64
		{D6AC8BF5-EE4F-4ACB-B9F3-237536E93B2B}.MinSizeRel|x64.ActiveCfg = Debug|x64
		{D6AC8BF5-EE4F-4ACB-B9F3-237536E93B2B}.MinSizeRel|x64.Build.0 = Debug|x64
		{D6AC8BF5-EE4F-4ACB-B9F3-237536E93B2B}.MinSizeRel|x86.ActiveCfg = Debug|x64
		{D6AC8BF5-EE4F-4ACB-B9F3-237536E93B2B}.MinSizeRel|x86.Build.0 = Debug|x64
		{D6AC8BF5-EE4F-4ACB-B9F3-237536E93B2B}.Release|x64.ActiveCfg = Release|x64
		{D6AC8BF5-EE4F-4ACB-B9F3-237536E93B2B}.Release|x64.Build.0 = Release|x64
		{D6AC8BF5-EE4F-4ACB-B9F3-237536E93B2B}.Release|x86.ActiveCfg = Release|x64
		{D6AC8BF5-EE4F-4ACB-B9F3-237536E93B2B}.Release|x86.Build.0 = Release|x64
		{D6AC8BF5-EE4F-4ACB-B9F3-237536E93B2B}.RelWithDebInfo|x64.ActiveCfg = Release|x64
		{D6AC8BF5-EE4F-4ACB-B9F3-237536E93B2B}.RelWithDebInfo|x64.Build.0 = Release|x64
		{D6AC8BF5-EE4F-4ACB-B9F3-237536E93B2B}.RelWithDebInfo|x86.ActiveCfg = Release|x64
		{D6AC8BF5-EE4F-4ACB-B9F3-237536E93B2B}.RelWithDebInfo|x86.Build.0 = Release|x64
	EndGlobalSection
	GlobalSection(SolutionProperties) = preSolution
		HideSolutionNode = FALSE
	EndGlobalSection
	GlobalSection(ExtensibilityGlobals) = postSolution
		SolutionGuid = {908A0A77-2E46-4697-BACB-95108C74CCF4}
	EndGlobalSection
EndGlobal
